
Microsoft Visual Studio Solution File, Format Version 12.00
# Visual Studio Version 17
VisualStudioVersion = 17.9.34607.119
MinimumVisualStudioVersion = 10.0.40219.1
Project("{FAE04EC0-301F-11D3-BF4B-00C04F79EFBC}") = "rwwo.biblioteca", "rwwo.biblioteca\rwwo.biblioteca.csproj", "{116CBEC0-B54F-4B31-B126-F68531EF79EB}"
EndProject
Global
	GlobalSection(SolutionConfigurationPlatforms) = preSolution
		Debug|Any CPU = Debug|Any CPU
		Release|Any CPU = Release|Any CPU
	EndGlobalSection
	GlobalSection(ProjectConfigurationPlatforms) = postSolution
		{116CBEC0-B54F-4B31-B126-F68531EF79EB}.Debug|Any CPU.ActiveCfg = Debug|Any CPU
		{116CBEC0-B54F-4B31-B126-F68531EF79EB}.Debug|Any CPU.Build.0 = Debug|Any CPU
		{116CBEC0-B54F-4B31-B126-F68531EF79EB}.Release|Any CPU.ActiveCfg = Release|Any CPU
		{116CBEC0-B54F-4B31-B126-F68531EF79EB}.Release|Any CPU.Build.0 = Release|Any CPU
	EndGlobalSection
	GlobalSection(SolutionProperties) = preSolution
		HideSolutionNode = FALSE
	EndGlobalSection
	GlobalSection(ExtensibilityGlobals) = postSolution
		SolutionGuid = {7BA2FCBE-C2DE-41CA-B2D0-E4C47E77E314}
	EndGlobalSection
EndGlobal
